
Microsoft Visual Studio Solution File, Format Version 12.00
# Visual Studio Version 17
VisualStudioVersion = 17.3.32929.385
MinimumVisualStudioVersion = 10.0.40219.1
Project("{F184B08F-C81C-45F6-A57F-5ABD9991F28F}") = "feb5", "feb5\feb5.vbproj", "{09A946E4-E732-4D73-BD18-D51E69D9B125}"
EndProject
Global
	GlobalSection(SolutionConfigurationPlatforms) = preSolution
		Debug|Any CPU = Debug|Any CPU
		Release|Any CPU = Release|Any CPU
	EndGlobalSection
	GlobalSection(ProjectConfigurationPlatforms) = postSolution
		{09A946E4-E732-4D73-BD18-D51E69D9B125}.Debug|Any CPU.ActiveCfg = Debug|Any CPU
		{09A946E4-E732-4D73-BD18-D51E69D9B125}.Debug|Any CPU.Build.0 = Debug|Any CPU
		{09A946E4-E732-4D73-BD18-D51E69D9B125}.Release|Any CPU.ActiveCfg = Release|Any CPU
		{09A946E4-E732-4D73-BD18-D51E69D9B125}.Release|Any CPU.Build.0 = Release|Any CPU
	EndGlobalSection
	GlobalSection(SolutionProperties) = preSolution
		HideSolutionNode = FALSE
	EndGlobalSection
	GlobalSection(ExtensibilityGlobals) = postSolution
		SolutionGuid = {BAF95CF6-1477-4282-99C6-E33BA83912ED}
	EndGlobalSection
EndGlobal
